
Microsoft Visual Studio Solution File, Format Version 12.00
# Visual Studio 14
VisualStudioVersion = 14.0.25123.0
MinimumVisualStudioVersion = 10.0.40219.1
Project("{FAE04EC0-301F-11D3-BF4B-00C04F79EFBC}") = "AplicacionTecMuzquiz.Droid", "AplicacionTecMuzquiz\AplicacionTecMuzquiz.Droid\AplicacionTecMuzquiz.Droid.csproj", "{8B21C5B7-E79A-4B38-BEA1-B47589C3B0BE}"
EndProject
Project("{FAE04EC0-301F-11D3-BF4B-00C04F79EFBC}") = "AplicacionTecMuzquiz.iOS", "AplicacionTecMuzquiz\AplicacionTecMuzquiz.iOS\AplicacionTecMuzquiz.iOS.csproj", "{53BAFAA7-D65A-4DE5-A2AA-4A18FF2149DF}"
EndProject
Project("{FAE04EC0-301F-11D3-BF4B-00C04F79EFBC}") = "AplicacionTecMuzquiz.WinPhone", "AplicacionTecMuzquiz\AplicacionTecMuzquiz.WinPhone\AplicacionTecMuzquiz.WinPhone.csproj", "{9C8A117D-09D6-449F-B106-929DDC1C285D}"
EndProject
Project("{FAE04EC0-301F-11D3-BF4B-00C04F79EFBC}") = "AplicacionTecMuzquiz.UWP", "AplicacionTecMuzquiz\AplicacionTecMuzquiz.UWP\AplicacionTecMuzquiz.UWP.csproj", "{17EB8D14-622A-4232-9AE0-C01B693511D3}"
EndProject
Project("{FAE04EC0-301F-11D3-BF4B-00C04F79EFBC}") = "AplicacionTecMuzquiz.Windows", "AplicacionTecMuzquiz\AplicacionTecMuzquiz.Windows\AplicacionTecMuzquiz.Windows.csproj", "{9D50EBEA-D21C-40AE-A5F1-5A77E248F037}"
EndProject
Project("{FAE04EC0-301F-11D3-BF4B-00C04F79EFBC}") = "AplicacionTecMuzquiz", "AplicacionTecMuzquiz\AplicacionTecMuzquiz\AplicacionTecMuzquiz.csproj", "{51EF40C1-206E-4FB0-BB76-B27E9E2F5E97}"
EndProject
Global
	GlobalSection(SolutionConfigurationPlatforms) = preSolution
		Ad-Hoc|Any CPU = Ad-Hoc|Any CPU
		Ad-Hoc|ARM = Ad-Hoc|ARM
		Ad-Hoc|iPhone = Ad-Hoc|iPhone
		Ad-Hoc|iPhoneSimulator = Ad-Hoc|iPhoneSimulator
		Ad-Hoc|x64 = Ad-Hoc|x64
		Ad-Hoc|x86 = Ad-Hoc|x86
		AppStore|Any CPU = AppStore|Any CPU
		AppStore|ARM = AppStore|ARM
		AppStore|iPhone = AppStore|iPhone
		AppStore|iPhoneSimulator = AppStore|iPhoneSimulator
		AppStore|x64 = AppStore|x64
		AppStore|x86 = AppStore|x86
		Debug|Any CPU = Debug|Any CPU
		Debug|ARM = Debug|ARM
		Debug|iPhone = Debug|iPhone
		Debug|iPhoneSimulator = Debug|iPhoneSimulator
		Debug|x64 = Debug|x64
		Debug|x86 = Debug|x86
		Release|Any CPU = Release|Any CPU
		Release|ARM = Release|ARM
		Release|iPhone = Release|iPhone
		Release|iPhoneSimulator = Release|iPhoneSimulator
		Release|x64 = Release|x64
		Release|x86 = Release|x86
	EndGlobalSection
	GlobalSection(ProjectConfigurationPlatforms) = postSolution
		{8B21C5B7-E79A-4B38-BEA1-B47589C3B0BE}.Ad-Hoc|Any CPU.ActiveCfg = Release|Any CPU
		{8B21C5B7-E79A-4B38-BEA1-B47589C3B0BE}.Ad-Hoc|Any CPU.Build.0 = Release|Any CPU
		{8B21C5B7-E79A-4B38-BEA1-B47589C3B0BE}.Ad-Hoc|Any CPU.Deploy.0 = Release|Any CPU
		{8B21C5B7-E79A-4B38-BEA1-B47589C3B0BE}.Ad-Hoc|ARM.ActiveCfg = Release|Any CPU
		{8B21C5B7-E79A-4B38-BEA1-B47589C3B0BE}.Ad-Hoc|ARM.Build.0 = Release|Any CPU
		{8B21C5B7-E79A-4B38-BEA1-B47589C3B0BE}.Ad-Hoc|ARM.Deploy.0 = Release|Any CPU
		{8B21C5B7-E79A-4B38-BEA1-B47589C3B0BE}.Ad-Hoc|iPhone.ActiveCfg = Release|Any CPU
		{8B21C5B7-E79A-4B38-BEA1-B47589C3B0BE}.Ad-Hoc|iPhone.Build.0 = Release|Any CPU
		{8B21C5B7-E79A-4B38-BEA1-B47589C3B0BE}.Ad-Hoc|iPhone.Deploy.0 = Release|Any CPU
		{8B21C5B7-E79A-4B38-BEA1-B47589C3B0BE}.Ad-Hoc|iPhoneSimulator.ActiveCfg = Release|Any CPU
		{8B21C5B7-E79A-4B38-BEA1-B47589C3B0BE}.Ad-Hoc|iPhoneSimulator.Build.0 = Release|Any CPU
		{8B21C5B7-E79A-4B38-BEA1-B47589C3B0BE}.Ad-Hoc|iPhoneSimulator.Deploy.0 = Release|Any CPU
		{8B21C5B7-E79A-4B38-BEA1-B47589C3B0BE}.Ad-Hoc|x64.ActiveCfg = Release|Any CPU
		{8B21C5B7-E79A-4B38-BEA1-B47589C3B0BE}.Ad-Hoc|x64.Build.0 = Release|Any CPU
		{8B21C5B7-E79A-4B38-BEA1-B47589C3B0BE}.Ad-Hoc|x64.Deploy.0 = Release|Any CPU
		{8B21C5B7-E79A-4B38-BEA1-B47589C3B0BE}.Ad-Hoc|x86.ActiveCfg = Release|Any CPU
		{8B21C5B7-E79A-4B38-BEA1-B47589C3B0BE}.Ad-Hoc|x86.Build.0 = Release|Any CPU
		{8B21C5B7-E79A-4B38-BEA1-B47589C3B0BE}.Ad-Hoc|x86.Deploy.0 = Release|Any CPU
		{8B21C5B7-E79A-4B38-BEA1-B47589C3B0BE}.AppStore|Any CPU.ActiveCfg = Release|Any CPU
		{8B21C5B7-E79A-4B38-BEA1-B47589C3B0BE}.AppStore|Any CPU.Build.0 = Release|Any CPU
		{8B21C5B7-E79A-4B38-BEA1-B47589C3B0BE}.AppStore|Any CPU.Deploy.0 = Release|Any CPU
		{8B21C5B7-E79A-4B38-BEA1-B47589C3B0BE}.AppStore|ARM.ActiveCfg = Release|Any CPU
		{8B21C5B7-E79A-4B38-BEA1-B47589C3B0BE}.AppStore|ARM.Build.0 = Release|Any CPU
		{8B21C5B7-E79A-4B38-BEA1-B47589C3B0BE}.AppStore|ARM.Deploy.0 = Release|Any CPU
		{8B21C5B7-E79A-4B38-BEA1-B47589C3B0BE}.AppStore|iPhone.ActiveCfg = Release|Any CPU
		{8B21C5B7-E79A-4B38-BEA1-B47589C3B0BE}.AppStore|iPhone.Build.0 = Release|Any CPU
		{8B21C5B7-E79A-4B38-BEA1-B47589C3B0BE}.AppStore|iPhone.Deploy.0 = Release|Any CPU
		{8B21C5B7-E79A-4B38-BEA1-B47589C3B0BE}.AppStore|iPhoneSimulator.ActiveCfg = Release|Any CPU
		{8B21C5B7-E79A-4B38-BEA1-B47589C3B0BE}.AppStore|iPhoneSimulator.Build.0 = Release|Any CPU
		{8B21C5B7-E79A-4B38-BEA1-B47589C3B0BE}.AppStore|iPhoneSimulator.Deploy.0 = Release|Any CPU
		{8B21C5B7-E79A-4B38-BEA1-B47589C3B0BE}.AppStore|x64.ActiveCfg = Release|Any CPU
		{8B21C5B7-E79A-4B38-BEA1-B47589C3B0BE}.AppStore|x64.Build.0 = Release|Any CPU
		{8B21C5B7-E79A-4B38-BEA1-B47589C3B0BE}.AppStore|x64.Deploy.0 = Release|Any CPU
		{8B21C5B7-E79A-4B38-BEA1-B47589C3B0BE}.AppStore|x86.ActiveCfg = Release|Any CPU
		{8B21C5B7-E79A-4B38-BEA1-B47589C3B0BE}.AppStore|x86.Build.0 = Release|Any CPU
		{8B21C5B7-E79A-4B38-BEA1-B47589C3B0BE}.AppStore|x86.Deploy.0 = Release|Any CPU
		{8B21C5B7-E79A-4B38-BEA1-B47589C3B0BE}.Debug|Any CPU.ActiveCfg = Debug|Any CPU
		{8B21C5B7-E79A-4B38-BEA1-B47589C3B0BE}.Debug|Any CPU.Build.0 = Debug|Any CPU
		{8B21C5B7-E79A-4B38-BEA1-B47589C3B0BE}.Debug|Any CPU.Deploy.0 = Debug|Any CPU
		{8B21C5B7-E79A-4B38-BEA1-B47589C3B0BE}.Debug|ARM.ActiveCfg = Debug|Any CPU
		{8B21C5B7-E79A-4B38-BEA1-B47589C3B0BE}.Debug|ARM.Build.0 = Debug|Any CPU
		{8B21C5B7-E79A-4B38-BEA1-B47589C3B0BE}.Debug|ARM.Deploy.0 = Debug|Any CPU
		{8B21C5B7-E79A-4B38-BEA1-B47589C3B0BE}.Debug|iPhone.ActiveCfg = Debug|Any CPU
		{8B21C5B7-E79A-4B38-BEA1-B47589C3B0BE}.Debug|iPhone.Build.0 = Debug|Any CPU
		{8B21C5B7-E79A-4B38-BEA1-B47589C3B0BE}.Debug|iPhone.Deploy.0 = Debug|Any CPU
		{8B21C5B7-E79A-4B38-BEA1-B47589C3B0BE}.Debug|iPhoneSimulator.ActiveCfg = Debug|Any CPU
		{8B21C5B7-E79A-4B38-BEA1-B47589C3B0BE}.Debug|iPhoneSimulator.Build.0 = Debug|Any CPU
		{8B21C5B7-E79A-4B38-BEA1-B47589C3B0BE}.Debug|iPhoneSimulator.Deploy.0 = Debug|Any CPU
		{8B21C5B7-E79A-4B38-BEA1-B47589C3B0BE}.Debug|x64.ActiveCfg = Debug|Any CPU
		{8B21C5B7-E79A-4B38-BEA1-B47589C3B0BE}.Debug|x64.Build.0 = Debug|Any CPU
		{8B21C5B7-E79A-4B38-BEA1-B47589C3B0BE}.Debug|x64.Deploy.0 = Debug|Any CPU
		{8B21C5B7-E79A-4B38-BEA1-B47589C3B0BE}.Debug|x86.ActiveCfg = Debug|Any CPU
		{8B21C5B7-E79A-4B38-BEA1-B47589C3B0BE}.Debug|x86.Build.0 = Debug|Any CPU
		{8B21C5B7-E79A-4B38-BEA1-B47589C3B0BE}.Debug|x86.Deploy.0 = Debug|Any CPU
		{8B21C5B7-E79A-4B38-BEA1-B47589C3B0BE}.Release|Any CPU.ActiveCfg = Release|Any CPU
		{8B21C5B7-E79A-4B38-BEA1-B47589C3B0BE}.Release|Any CPU.Build.0 = Release|Any CPU
		{8B21C5B7-E79A-4B38-BEA1-B47589C3B0BE}.Release|Any CPU.Deploy.0 = Release|Any CPU
		{8B21C5B7-E79A-4B38-BEA1-B47589C3B0BE}.Release|ARM.ActiveCfg = Release|Any CPU
		{8B21C5B7-E79A-4B38-BEA1-B47589C3B0BE}.Release|ARM.Build.0 = Release|Any CPU
		{8B21C5B7-E79A-4B38-BEA1-B47589C3B0BE}.Release|ARM.Deploy.0 = Release|Any CPU
		{8B21C5B7-E79A-4B38-BEA1-B47589C3B0BE}.Release|iPhone.ActiveCfg = Release|Any CPU
		{8B21C5B7-E79A-4B38-BEA1-B47589C3B0BE}.Release|iPhone.Build.0 = Release|Any CPU
		{8B21C5B7-E79A-4B38-BEA1-B47589C3B0BE}.Release|iPhone.Deploy.0 = Release|Any CPU
		{8B21C5B7-E79A-4B38-BEA1-B47589C3B0BE}.Release|iPhoneSimulator.ActiveCfg = Release|Any CPU
		{8B21C5B7-E79A-4B38-BEA1-B47589C3B0BE}.Release|iPhoneSimulator.Build.0 = Release|Any CPU
		{8B21C5B7-E79A-4B38-BEA1-B47589C3B0BE}.Release|iPhoneSimulator.Deploy.0 = Release|Any CPU
		{8B21C5B7-E79A-4B38-BEA1-B47589C3B0BE}.Release|x64.ActiveCfg = Release|Any CPU
		{8B21C5B7-E79A-4B38-BEA1-B47589C3B0BE}.Release|x64.Build.0 = Release|Any CPU
		{8B21C5B7-E79A-4B38-BEA1-B47589C3B0BE}.Release|x64.Deploy.0 = Release|Any CPU
		{8B21C5B7-E79A-4B38-BEA1-B47589C3B0BE}.Release|x86.ActiveCfg = Release|Any CPU
		{8B21C5B7-E79A-4B38-BEA1-B47589C3B0BE}.Release|x86.Build.0 = Release|Any CPU
		{8B21C5B7-E79A-4B38-BEA1-B47589C3B0BE}.Release|x86.Deploy.0 = Release|Any CPU
		{53BAFAA7-D65A-4DE5-A2AA-4A18FF2149DF}.Ad-Hoc|Any CPU.ActiveCfg = Ad-Hoc|iPhone
		{53BAFAA7-D65A-4DE5-A2AA-4A18FF2149DF}.Ad-Hoc|ARM.ActiveCfg = Ad-Hoc|iPhone
		{53BAFAA7-D65A-4DE5-A2AA-4A18FF2149DF}.Ad-Hoc|iPhone.ActiveCfg = Ad-Hoc|iPhone
		{53BAFAA7-D65A-4DE5-A2AA-4A18FF2149DF}.Ad-Hoc|iPhone.Build.0 = Ad-Hoc|iPhone
		{53BAFAA7-D65A-4DE5-A2AA-4A18FF2149DF}.Ad-Hoc|iPhoneSimulator.ActiveCfg = Ad-Hoc|iPhoneSimulator
		{53BAFAA7-D65A-4DE5-A2AA-4A18FF2149DF}.Ad-Hoc|iPhoneSimulator.Build.0 = Ad-Hoc|iPhoneSimulator
		{53BAFAA7-D65A-4DE5-A2AA-4A18FF2149DF}.Ad-Hoc|x64.ActiveCfg = Ad-Hoc|iPhone
		{53BAFAA7-D65A-4DE5-A2AA-4A18FF2149DF}.Ad-Hoc|x86.ActiveCfg = Ad-Hoc|iPhone
		{53BAFAA7-D65A-4DE5-A2AA-4A18FF2149DF}.AppStore|Any CPU.ActiveCfg = AppStore|iPhone
		{53BAFAA7-D65A-4DE5-A2AA-4A18FF2149DF}.AppStore|ARM.ActiveCfg = AppStore|iPhone
		{53BAFAA7-D65A-4DE5-A2AA-4A18FF2149DF}.AppStore|iPhone.ActiveCfg = AppStore|iPhone
		{53BAFAA7-D65A-4DE5-A2AA-4A18FF2149DF}.AppStore|iPhone.Build.0 = AppStore|iPhone
		{53BAFAA7-D65A-4DE5-A2AA-4A18FF2149DF}.AppStore|iPhoneSimulator.ActiveCfg = AppStore|iPhoneSimulator
		{53BAFAA7-D65A-4DE5-A2AA-4A18FF2149DF}.AppStore|iPhoneSimulator.Build.0 = AppStore|iPhoneSimulator
		{53BAFAA7-D65A-4DE5-A2AA-4A18FF2149DF}.AppStore|x64.ActiveCfg = AppStore|iPhone
		{53BAFAA7-D65A-4DE5-A2AA-4A18FF2149DF}.AppStore|x86.ActiveCfg = AppStore|iPhone
		{53BAFAA7-D65A-4DE5-A2AA-4A18FF2149DF}.Debug|Any CPU.ActiveCfg = Debug|iPhone
		{53BAFAA7-D65A-4DE5-A2AA-4A18FF2149DF}.Debug|ARM.ActiveCfg = Debug|iPhone
		{53BAFAA7-D65A-4DE5-A2AA-4A18FF2149DF}.Debug|iPhone.ActiveCfg = Debug|iPhone
		{53BAFAA7-D65A-4DE5-A2AA-4A18FF2149DF}.Debug|iPhone.Build.0 = Debug|iPhone
		{53BAFAA7-D65A-4DE5-A2AA-4A18FF2149DF}.Debug|iPhoneSimulator.ActiveCfg = Debug|iPhoneSimulator
		{53BAFAA7-D65A-4DE5-A2AA-4A18FF2149DF}.Debug|iPhoneSimulator.Build.0 = Debug|iPhoneSimulator
		{53BAFAA7-D65A-4DE5-A2AA-4A18FF2149DF}.Debug|x64.ActiveCfg = Debug|iPhone
		{53BAFAA7-D65A-4DE5-A2AA-4A18FF2149DF}.Debug|x86.ActiveCfg = Debug|iPhone
		{53BAFAA7-D65A-4DE5-A2AA-4A18FF2149DF}.Release|Any CPU.ActiveCfg = Release|iPhone
		{53BAFAA7-D65A-4DE5-A2AA-4A18FF2149DF}.Release|ARM.ActiveCfg = Release|iPhone
		{53BAFAA7-D65A-4DE5-A2AA-4A18FF2149DF}.Release|iPhone.ActiveCfg = Release|iPhone
		{53BAFAA7-D65A-4DE5-A2AA-4A18FF2149DF}.Release|iPhone.Build.0 = Release|iPhone
		{53BAFAA7-D65A-4DE5-A2AA-4A18FF2149DF}.Release|iPhoneSimulator.ActiveCfg = Release|iPhoneSimulator
		{53BAFAA7-D65A-4DE5-A2AA-4A18FF2149DF}.Release|iPhoneSimulator.Build.0 = Release|iPhoneSimulator
		{53BAFAA7-D65A-4DE5-A2AA-4A18FF2149DF}.Release|x64.ActiveCfg = Release|iPhone
		{53BAFAA7-D65A-4DE5-A2AA-4A18FF2149DF}.Release|x86.ActiveCfg = Release|iPhone
		{9C8A117D-09D6-449F-B106-929DDC1C285D}.Ad-Hoc|Any CPU.ActiveCfg = Release|Any CPU
		{9C8A117D-09D6-449F-B106-929DDC1C285D}.Ad-Hoc|Any CPU.Build.0 = Release|Any CPU
		{9C8A117D-09D6-449F-B106-929DDC1C285D}.Ad-Hoc|Any CPU.Deploy.0 = Release|Any CPU
		{9C8A117D-09D6-449F-B106-929DDC1C285D}.Ad-Hoc|ARM.ActiveCfg = Release|ARM
		{9C8A117D-09D6-449F-B106-929DDC1C285D}.Ad-Hoc|ARM.Build.0 = Release|ARM
		{9C8A117D-09D6-449F-B106-929DDC1C285D}.Ad-Hoc|ARM.Deploy.0 = Release|ARM
		{9C8A117D-09D6-449F-B106-929DDC1C285D}.Ad-Hoc|iPhone.ActiveCfg = Release|Any CPU
		{9C8A117D-09D6-449F-B106-929DDC1C285D}.Ad-Hoc|iPhone.Build.0 = Release|Any CPU
		{9C8A117D-09D6-449F-B106-929DDC1C285D}.Ad-Hoc|iPhone.Deploy.0 = Release|Any CPU
		{9C8A117D-09D6-449F-B106-929DDC1C285D}.Ad-Hoc|iPhoneSimulator.ActiveCfg = Release|Any CPU
		{9C8A117D-09D6-449F-B106-929DDC1C285D}.Ad-Hoc|iPhoneSimulator.Build.0 = Release|Any CPU
		{9C8A117D-09D6-449F-B106-929DDC1C285D}.Ad-Hoc|iPhoneSimulator.Deploy.0 = Release|Any CPU
		{9C8A117D-09D6-449F-B106-929DDC1C285D}.Ad-Hoc|x64.ActiveCfg = Release|Any CPU
		{9C8A117D-09D6-449F-B106-929DDC1C285D}.Ad-Hoc|x64.Build.0 = Release|Any CPU
		{9C8A117D-09D6-449F-B106-929DDC1C285D}.Ad-Hoc|x64.Deploy.0 = Release|Any CPU
		{9C8A117D-09D6-449F-B106-929DDC1C285D}.Ad-Hoc|x86.ActiveCfg = Release|x86
		{9C8A117D-09D6-449F-B106-929DDC1C285D}.Ad-Hoc|x86.Build.0 = Release|x86
		{9C8A117D-09D6-449F-B106-929DDC1C285D}.Ad-Hoc|x86.Deploy.0 = Release|x86
		{9C8A117D-09D6-449F-B106-929DDC1C285D}.AppStore|Any CPU.ActiveCfg = Release|Any CPU
		{9C8A117D-09D6-449F-B106-929DDC1C285D}.AppStore|Any CPU.Build.0 = Release|Any CPU
		{9C8A117D-09D6-449F-B106-929DDC1C285D}.AppStore|Any CPU.Deploy.0 = Release|Any CPU
		{9C8A117D-09D6-449F-B106-929DDC1C285D}.AppStore|ARM.ActiveCfg = Release|ARM
		{9C8A117D-09D6-449F-B106-929DDC1C285D}.AppStore|ARM.Build.0 = Release|ARM
		{9C8A117D-09D6-449F-B106-929DDC1C285D}.AppStore|ARM.Deploy.0 = Release|ARM
		{9C8A117D-09D6-449F-B106-929DDC1C285D}.AppStore|iPhone.ActiveCfg = Release|Any CPU
		{9C8A117D-09D6-449F-B106-929DDC1C285D}.AppStore|iPhone.Build.0 = Release|Any CPU
		{9C8A117D-09D6-449F-B106-929DDC1C285D}.AppStore|iPhone.Deploy.0 = Release|Any CPU
		{9C8A117D-09D6-449F-B106-929DDC1C285D}.AppStore|iPhoneSimulator.ActiveCfg = Release|Any CPU
		{9C8A117D-09D6-449F-B106-929DDC1C285D}.AppStore|iPhoneSimulator.Build.0 = Release|Any CPU
		{9C8A117D-09D6-449F-B106-929DDC1C285D}.AppStore|iPhoneSimulator.Deploy.0 = Release|Any CPU
		{9C8A117D-09D6-449F-B106-929DDC1C285D}.AppStore|x64.ActiveCfg = Release|Any CPU
		{9C8A117D-09D6-449F-B106-929DDC1C285D}.AppStore|x64.Build.0 = Release|Any CPU
		{9C8A117D-09D6-449F-B106-929DDC1C285D}.AppStore|x64.Deploy.0 = Release|Any CPU
		{9C8A117D-09D6-449F-B106-929DDC1C285D}.AppStore|x86.ActiveCfg = Release|x86
		{9C8A117D-09D6-449F-B106-929DDC1C285D}.AppStore|x86.Build.0 = Release|x86
		{9C8A117D-09D6-449F-B106-929DDC1C285D}.AppStore|x86.Deploy.0 = Release|x86
		{9C8A117D-09D6-449F-B106-929DDC1C285D}.Debug|Any CPU.ActiveCfg = Debug|Any CPU
		{9C8A117D-09D6-449F-B106-929DDC1C285D}.Debug|Any CPU.Build.0 = Debug|Any CPU
		{9C8A117D-09D6-449F-B106-929DDC1C285D}.Debug|Any CPU.Deploy.0 = Debug|Any CPU
		{9C8A117D-09D6-449F-B106-929DDC1C285D}.Debug|ARM.ActiveCfg = Debug|ARM
		{9C8A117D-09D6-449F-B106-929DDC1C285D}.Debug|ARM.Build.0 = Debug|ARM
		{9C8A117D-09D6-449F-B106-929DDC1C285D}.Debug|ARM.Deploy.0 = Debug|ARM
		{9C8A117D-09D6-449F-B106-929DDC1C285D}.Debug|iPhone.ActiveCfg = Debug|Any CPU
		{9C8A117D-09D6-449F-B106-929DDC1C285D}.Debug|iPhone.Build.0 = Debug|Any CPU
		{9C8A117D-09D6-449F-B106-929DDC1C285D}.Debug|iPhone.Deploy.0 = Debug|Any CPU
		{9C8A117D-09D6-449F-B106-929DDC1C285D}.Debug|iPhoneSimulator.ActiveCfg = Debug|Any CPU
		{9C8A117D-09D6-449F-B106-929DDC1C285D}.Debug|iPhoneSimulator.Build.0 = Debug|Any CPU
		{9C8A117D-09D6-449F-B106-929DDC1C285D}.Debug|iPhoneSimulator.Deploy.0 = Debug|Any CPU
		{9C8A117D-09D6-449F-B106-929DDC1C285D}.Debug|x64.ActiveCfg = Debug|Any CPU
		{9C8A117D-09D6-449F-B106-929DDC1C285D}.Debug|x64.Build.0 = Debug|Any CPU
		{9C8A117D-09D6-449F-B106-929DDC1C285D}.Debug|x64.Deploy.0 = Debug|Any CPU
		{9C8A117D-09D6-449F-B106-929DDC1C285D}.Debug|x86.ActiveCfg = Debug|x86
		{9C8A117D-09D6-449F-B106-929DDC1C285D}.Debug|x86.Build.0 = Debug|x86
		{9C8A117D-09D6-449F-B106-929DDC1C285D}.Debug|x86.Deploy.0 = Debug|x86
		{9C8A117D-09D6-449F-B106-929DDC1C285D}.Release|Any CPU.ActiveCfg = Release|Any CPU
		{9C8A117D-09D6-449F-B106-929DDC1C285D}.Release|Any CPU.Build.0 = Release|Any CPU
		{9C8A117D-09D6-449F-B106-929DDC1C285D}.Release|Any CPU.Deploy.0 = Release|Any CPU
		{9C8A117D-09D6-449F-B106-929DDC1C285D}.Release|ARM.ActiveCfg = Release|ARM
		{9C8A117D-09D6-449F-B106-929DDC1C285D}.Release|ARM.Build.0 = Release|ARM
		{9C8A117D-09D6-449F-B106-929DDC1C285D}.Release|ARM.Deploy.0 = Release|ARM
		{9C8A117D-09D6-449F-B106-929DDC1C285D}.Release|iPhone.ActiveCfg = Release|Any CPU
		{9C8A117D-09D6-449F-B106-929DDC1C285D}.Release|iPhone.Build.0 = Release|Any CPU
		{9C8A117D-09D6-449F-B106-929DDC1C285D}.Release|iPhone.Deploy.0 = Release|Any CPU
		{9C8A117D-09D6-449F-B106-929DDC1C285D}.Release|iPhoneSimulator.ActiveCfg = Release|Any CPU
		{9C8A117D-09D6-449F-B106-929DDC1C285D}.Release|iPhoneSimulator.Build.0 = Release|Any CPU
		{9C8A117D-09D6-449F-B106-929DDC1C285D}.Release|iPhoneSimulator.Deploy.0 = Release|Any CPU
		{9C8A117D-09D6-449F-B106-929DDC1C285D}.Release|x64.ActiveCfg = Release|Any CPU
		{9C8A117D-09D6-449F-B106-929DDC1C285D}.Release|x64.Build.0 = Release|Any CPU
		{9C8A117D-09D6-449F-B106-929DDC1C285D}.Release|x64.Deploy.0 = Release|Any CPU
		{9C8A117D-09D6-449F-B106-929DDC1C285D}.Release|x86.ActiveCfg = Release|x86
		{9C8A117D-09D6-449F-B106-929DDC1C285D}.Release|x86.Build.0 = Release|x86
		{9C8A117D-09D6-449F-B106-929DDC1C285D}.Release|x86.Deploy.0 = Release|x86
		{17EB8D14-622A-4232-9AE0-C01B693511D3}.Ad-Hoc|Any CPU.ActiveCfg = Release|x86
		{17EB8D14-622A-4232-9AE0-C01B693511D3}.Ad-Hoc|Any CPU.Build.0 = Release|x86
		{17EB8D14-622A-4232-9AE0-C01B693511D3}.Ad-Hoc|Any CPU.Deploy.0 = Release|x86
		{17EB8D14-622A-4232-9AE0-C01B693511D3}.Ad-Hoc|ARM.ActiveCfg = Release|ARM
		{17EB8D14-622A-4232-9AE0-C01B693511D3}.Ad-Hoc|ARM.Build.0 = Release|ARM
		{17EB8D14-622A-4232-9AE0-C01B693511D3}.Ad-Hoc|ARM.Deploy.0 = Release|ARM
		{17EB8D14-622A-4232-9AE0-C01B693511D3}.Ad-Hoc|iPhone.ActiveCfg = Release|x86
		{17EB8D14-622A-4232-9AE0-C01B693511D3}.Ad-Hoc|iPhone.Build.0 = Release|x86
		{17EB8D14-622A-4232-9AE0-C01B693511D3}.Ad-Hoc|iPhone.Deploy.0 = Release|x86
		{17EB8D14-622A-4232-9AE0-C01B693511D3}.Ad-Hoc|iPhoneSimulator.ActiveCfg = Release|x86
		{17EB8D14-622A-4232-9AE0-C01B693511D3}.Ad-Hoc|iPhoneSimulator.Build.0 = Release|x86
		{17EB8D14-622A-4232-9AE0-C01B693511D3}.Ad-Hoc|iPhoneSimulator.Deploy.0 = Release|x86
		{17EB8D14-622A-4232-9AE0-C01B693511D3}.Ad-Hoc|x64.ActiveCfg = Release|x64
		{17EB8D14-622A-4232-9AE0-C01B693511D3}.Ad-Hoc|x64.Build.0 = Release|x64
		{17EB8D14-622A-4232-9AE0-C01B693511D3}.Ad-Hoc|x64.Deploy.0 = Release|x64
		{17EB8D14-622A-4232-9AE0-C01B693511D3}.Ad-Hoc|x86.ActiveCfg = Release|x86
		{17EB8D14-622A-4232-9AE0-C01B693511D3}.Ad-Hoc|x86.Build.0 = Release|x86
		{17EB8D14-622A-4232-9AE0-C01B693511D3}.Ad-Hoc|x86.Deploy.0 = Release|x86
		{17EB8D14-622A-4232-9AE0-C01B693511D3}.AppStore|Any CPU.ActiveCfg = Release|x86
		{17EB8D14-622A-4232-9AE0-C01B693511D3}.AppStore|Any CPU.Build.0 = Release|x86
		{17EB8D14-622A-4232-9AE0-C01B693511D3}.AppStore|Any CPU.Deploy.0 = Release|x86
		{17EB8D14-622A-4232-9AE0-C01B693511D3}.AppStore|ARM.ActiveCfg = Release|ARM
		{17EB8D14-622A-4232-9AE0-C01B693511D3}.AppStore|ARM.Build.0 = Release|ARM
		{17EB8D14-622A-4232-9AE0-C01B693511D3}.AppStore|ARM.Deploy.0 = Release|ARM
		{17EB8D14-622A-4232-9AE0-C01B693511D3}.AppStore|iPhone.ActiveCfg = Release|x86
		{17EB8D14-622A-4232-9AE0-C01B693511D3}.AppStore|iPhone.Build.0 = Release|x86
		{17EB8D14-622A-4232-9AE0-C01B693511D3}.AppStore|iPhone.Deploy.0 = Release|x86
		{17EB8D14-622A-4232-9AE0-C01B693511D3}.AppStore|iPhoneSimulator.ActiveCfg = Release|x86
		{17EB8D14-622A-4232-9AE0-C01B693511D3}.AppStore|iPhoneSimulator.Build.0 = Release|x86
		{17EB8D14-622A-4232-9AE0-C01B693511D3}.AppStore|iPhoneSimulator.Deploy.0 = Release|x86
		{17EB8D14-622A-4232-9AE0-C01B693511D3}.AppStore|x64.ActiveCfg = Release|x64
		{17EB8D14-622A-4232-9AE0-C01B693511D3}.AppStore|x64.Build.0 = Release|x64
		{17EB8D14-622A-4232-9AE0-C01B693511D3}.AppStore|x64.Deploy.0 = Release|x64
		{17EB8D14-622A-4232-9AE0-C01B693511D3}.AppStore|x86.ActiveCfg = Release|x86
		{17EB8D14-622A-4232-9AE0-C01B693511D3}.AppStore|x86.Build.0 = Release|x86
		{17EB8D14-622A-4232-9AE0-C01B693511D3}.AppStore|x86.Deploy.0 = Release|x86
		{17EB8D14-622A-4232-9AE0-C01B693511D3}.Debug|Any CPU.ActiveCfg = Debug|x86
		{17EB8D14-622A-4232-9AE0-C01B693511D3}.Debug|ARM.ActiveCfg = Debug|ARM
		{17EB8D14-622A-4232-9AE0-C01B693511D3}.Debug|ARM.Build.0 = Debug|ARM
		{17EB8D14-622A-4232-9AE0-C01B693511D3}.Debug|ARM.Deploy.0 = Debug|ARM
		{17EB8D14-622A-4232-9AE0-C01B693511D3}.Debug|iPhone.ActiveCfg = Debug|x86
		{17EB8D14-622A-4232-9AE0-C01B693511D3}.Debug|iPhoneSimulator.ActiveCfg = Debug|x86
		{17EB8D14-622A-4232-9AE0-C01B693511D3}.Debug|x64.ActiveCfg = Debug|x64
		{17EB8D14-622A-4232-9AE0-C01B693511D3}.Debug|x64.Build.0 = Debug|x64
		{17EB8D14-622A-4232-9AE0-C01B693511D3}.Debug|x64.Deploy.0 = Debug|x64
		{17EB8D14-622A-4232-9AE0-C01B693511D3}.Debug|x86.ActiveCfg = Debug|x86
		{17EB8D14-622A-4232-9AE0-C01B693511D3}.Debug|x86.Build.0 = Debug|x86
		{17EB8D14-622A-4232-9AE0-C01B693511D3}.Debug|x86.Deploy.0 = Debug|x86
		{17EB8D14-622A-4232-9AE0-C01B693511D3}.Release|Any CPU.ActiveCfg = Release|x86
		{17EB8D14-622A-4232-9AE0-C01B693511D3}.Release|ARM.ActiveCfg = Release|ARM
		{17EB8D14-622A-4232-9AE0-C01B693511D3}.Release|ARM.Build.0 = Release|ARM
		{17EB8D14-622A-4232-9AE0-C01B693511D3}.Release|ARM.Deploy.0 = Release|ARM
		{17EB8D14-622A-4232-9AE0-C01B693511D3}.Release|iPhone.ActiveCfg = Release|x86
		{17EB8D14-622A-4232-9AE0-C01B693511D3}.Release|iPhoneSimulator.ActiveCfg = Release|x86
		{17EB8D14-622A-4232-9AE0-C01B693511D3}.Release|x64.ActiveCfg = Release|x64
		{17EB8D14-622A-4232-9AE0-C01B693511D3}.Release|x64.Build.0 = Release|x64
		{17EB8D14-622A-4232-9AE0-C01B693511D3}.Release|x64.Deploy.0 = Release|x64
		{17EB8D14-622A-4232-9AE0-C01B693511D3}.Release|x86.ActiveCfg = Release|x86
		{17EB8D14-622A-4232-9AE0-C01B693511D3}.Release|x86.Build.0 = Release|x86
		{17EB8D14-622A-4232-9AE0-C01B693511D3}.Release|x86.Deploy.0 = Release|x86
		{9D50EBEA-D21C-40AE-A5F1-5A77E248F037}.Ad-Hoc|Any CPU.ActiveCfg = Release|Any CPU
		{9D50EBEA-D21C-40AE-A5F1-5A77E248F037}.Ad-Hoc|Any CPU.Build.0 = Release|Any CPU
		{9D50EBEA-D21C-40AE-A5F1-5A77E248F037}.Ad-Hoc|Any CPU.Deploy.0 = Release|Any CPU
		{9D50EBEA-D21C-40AE-A5F1-5A77E248F037}.Ad-Hoc|ARM.ActiveCfg = Release|ARM
		{9D50EBEA-D21C-40AE-A5F1-5A77E248F037}.Ad-Hoc|ARM.Build.0 = Release|ARM
		{9D50EBEA-D21C-40AE-A5F1-5A77E248F037}.Ad-Hoc|ARM.Deploy.0 = Release|ARM
		{9D50EBEA-D21C-40AE-A5F1-5A77E248F037}.Ad-Hoc|iPhone.ActiveCfg = Release|Any CPU
		{9D50EBEA-D21C-40AE-A5F1-5A77E248F037}.Ad-Hoc|iPhone.Build.0 = Release|Any CPU
		{9D50EBEA-D21C-40AE-A5F1-5A77E248F037}.Ad-Hoc|iPhone.Deploy.0 = Release|Any CPU
		{9D50EBEA-D21C-40AE-A5F1-5A77E248F037}.Ad-Hoc|iPhoneSimulator.ActiveCfg = Release|Any CPU
		{9D50EBEA-D21C-40AE-A5F1-5A77E248F037}.Ad-Hoc|iPhoneSimulator.Build.0 = Release|Any CPU
		{9D50EBEA-D21C-40AE-A5F1-5A77E248F037}.Ad-Hoc|iPhoneSimulator.Deploy.0 = Release|Any CPU
		{9D50EBEA-D21C-40AE-A5F1-5A77E248F037}.Ad-Hoc|x64.ActiveCfg = Release|x64
		{9D50EBEA-D21C-40AE-A5F1-5A77E248F037}.Ad-Hoc|x64.Build.0 = Release|x64
		{9D50EBEA-D21C-40AE-A5F1-5A77E248F037}.Ad-Hoc|x64.Deploy.0 = Release|x64
		{9D50EBEA-D21C-40AE-A5F1-5A77E248F037}.Ad-Hoc|x86.ActiveCfg = Release|x86
		{9D50EBEA-D21C-40AE-A5F1-5A77E248F037}.Ad-Hoc|x86.Build.0 = Release|x86
		{9D50EBEA-D21C-40AE-A5F1-5A77E248F037}.Ad-Hoc|x86.Deploy.0 = Release|x86
		{9D50EBEA-D21C-40AE-A5F1-5A77E248F037}.AppStore|Any CPU.ActiveCfg = Release|Any CPU
		{9D50EBEA-D21C-40AE-A5F1-5A77E248F037}.AppStore|Any CPU.Build.0 = Release|Any CPU
		{9D50EBEA-D21C-40AE-A5F1-5A77E248F037}.AppStore|Any CPU.Deploy.0 = Release|Any CPU
		{9D50EBEA-D21C-40AE-A5F1-5A77E248F037}.AppStore|ARM.ActiveCfg = Release|ARM
		{9D50EBEA-D21C-40AE-A5F1-5A77E248F037}.AppStore|ARM.Build.0 = Release|ARM
		{9D50EBEA-D21C-40AE-A5F1-5A77E248F037}.AppStore|ARM.Deploy.0 = Release|ARM
		{9D50EBEA-D21C-40AE-A5F1-5A77E248F037}.AppStore|iPhone.ActiveCfg = Release|Any CPU
		{9D50EBEA-D21C-40AE-A5F1-5A77E248F037}.AppStore|iPhone.Build.0 = Release|Any CPU
		{9D50EBEA-D21C-40AE-A5F1-5A77E248F037}.AppStore|iPhone.Deploy.0 = Release|Any CPU
		{9D50EBEA-D21C-40AE-A5F1-5A77E248F037}.AppStore|iPhoneSimulator.ActiveCfg = Release|Any CPU
		{9D50EBEA-D21C-40AE-A5F1-5A77E248F037}.AppStore|iPhoneSimulator.Build.0 = Release|Any CPU
		{9D50EBEA-D21C-40AE-A5F1-5A77E248F037}.AppStore|iPhoneSimulator.Deploy.0 = Release|Any CPU
		{9D50EBEA-D21C-40AE-A5F1-5A77E248F037}.AppStore|x64.ActiveCfg = Release|x64
		{9D50EBEA-D21C-40AE-A5F1-5A77E248F037}.AppStore|x64.Build.0 = Release|x64
		{9D50EBEA-D21C-40AE-A5F1-5A77E248F037}.AppStore|x64.Deploy.0 = Release|x64
		{9D50EBEA-D21C-40AE-A5F1-5A77E248F037}.AppStore|x86.ActiveCfg = Release|x86
		{9D50EBEA-D21C-40AE-A5F1-5A77E248F037}.AppStore|x86.Build.0 = Release|x86
		{9D50EBEA-D21C-40AE-A5F1-5A77E248F037}.AppStore|x86.Deploy.0 = Release|x86
		{9D50EBEA-D21C-40AE-A5F1-5A77E248F037}.Debug|Any CPU.ActiveCfg = Debug|Any CPU
		{9D50EBEA-D21C-40AE-A5F1-5A77E248F037}.Debug|Any CPU.Build.0 = Debug|Any CPU
		{9D50EBEA-D21C-40AE-A5F1-5A77E248F037}.Debug|Any CPU.Deploy.0 = Debug|Any CPU
		{9D50EBEA-D21C-40AE-A5F1-5A77E248F037}.Debug|ARM.ActiveCfg = Debug|ARM
		{9D50EBEA-D21C-40AE-A5F1-5A77E248F037}.Debug|ARM.Build.0 = Debug|ARM
		{9D50EBEA-D21C-40AE-A5F1-5A77E248F037}.Debug|ARM.Deploy.0 = Debug|ARM
		{9D50EBEA-D21C-40AE-A5F1-5A77E248F037}.Debug|iPhone.ActiveCfg = Debug|Any CPU
		{9D50EBEA-D21C-40AE-A5F1-5A77E248F037}.Debug|iPhone.Build.0 = Debug|Any CPU
		{9D50EBEA-D21C-40AE-A5F1-5A77E248F037}.Debug|iPhone.Deploy.0 = Debug|Any CPU
		{9D50EBEA-D21C-40AE-A5F1-5A77E248F037}.Debug|iPhoneSimulator.ActiveCfg = Debug|Any CPU
		{9D50EBEA-D21C-40AE-A5F1-5A77E248F037}.Debug|iPhoneSimulator.Build.0 = Debug|Any CPU
		{9D50EBEA-D21C-40AE-A5F1-5A77E248F037}.Debug|iPhoneSimulator.Deploy.0 = Debug|Any CPU
		{9D50EBEA-D21C-40AE-A5F1-5A77E248F037}.Debug|x64.ActiveCfg = Debug|x64
		{9D50EBEA-D21C-40AE-A5F1-5A77E248F037}.Debug|x64.Build.0 = Debug|x64
		{9D50EBEA-D21C-40AE-A5F1-5A77E248F037}.Debug|x64.Deploy.0 = Debug|x64
		{9D50EBEA-D21C-40AE-A5F1-5A77E248F037}.Debug|x86.ActiveCfg = Debug|x86
		{9D50EBEA-D21C-40AE-A5F1-5A77E248F037}.Debug|x86.Build.0 = Debug|x86
		{9D50EBEA-D21C-40AE-A5F1-5A77E248F037}.Debug|x86.Deploy.0 = Debug|x86
		{9D50EBEA-D21C-40AE-A5F1-5A77E248F037}.Release|Any CPU.ActiveCfg = Release|Any CPU
		{9D50EBEA-D21C-40AE-A5F1-5A77E248F037}.Release|Any CPU.Build.0 = Release|Any CPU
		{9D50EBEA-D21C-40AE-A5F1-5A77E248F037}.Release|Any CPU.Deploy.0 = Release|Any CPU
		{9D50EBEA-D21C-40AE-A5F1-5A77E248F037}.Release|ARM.ActiveCfg = Release|ARM
		{9D50EBEA-D21C-40AE-A5F1-5A77E248F037}.Release|ARM.Build.0 = Release|ARM
		{9D50EBEA-D21C-40AE-A5F1-5A77E248F037}.Release|ARM.Deploy.0 = Release|ARM
		{9D50EBEA-D21C-40AE-A5F1-5A77E248F037}.Release|iPhone.ActiveCfg = Release|Any CPU
		{9D50EBEA-D21C-40AE-A5F1-5A77E248F037}.Release|iPhone.Build.0 = Release|Any CPU
		{9D50EBEA-D21C-40AE-A5F1-5A77E248F037}.Release|iPhone.Deploy.0 = Release|Any CPU
		{9D50EBEA-D21C-40AE-A5F1-5A77E248F037}.Release|iPhoneSimulator.ActiveCfg = Release|Any CPU
		{9D50EBEA-D21C-40AE-A5F1-5A77E248F037}.Release|iPhoneSimulator.Build.0 = Release|Any CPU
		{9D50EBEA-D21C-40AE-A5F1-5A77E248F037}.Release|iPhoneSimulator.Deploy.0 = Release|Any CPU
		{9D50EBEA-D21C-40AE-A5F1-5A77E248F037}.Release|x64.ActiveCfg = Release|x64
		{9D50EBEA-D21C-40AE-A5F1-5A77E248F037}.Release|x64.Build.0 = Release|x64
		{9D50EBEA-D21C-40AE-A5F1-5A77E248F037}.Release|x64.Deploy.0 = Release|x64
		{9D50EBEA-D21C-40AE-A5F1-5A77E248F037}.Release|x86.ActiveCfg = Release|x86
		{9D50EBEA-D21C-40AE-A5F1-5A77E248F037}.Release|x86.Build.0 = Release|x86
		{9D50EBEA-D21C-40AE-A5F1-5A77E248F037}.Release|x86.Deploy.0 = Release|x86
		{51EF40C1-206E-4FB0-BB76-B27E9E2F5E97}.Ad-Hoc|Any CPU.ActiveCfg = Release|Any CPU
		{51EF40C1-206E-4FB0-BB76-B27E9E2F5E97}.Ad-Hoc|Any CPU.Build.0 = Release|Any CPU
		{51EF40C1-206E-4FB0-BB76-B27E9E2F5E97}.Ad-Hoc|ARM.ActiveCfg = Release|Any CPU
		{51EF40C1-206E-4FB0-BB76-B27E9E2F5E97}.Ad-Hoc|ARM.Build.0 = Release|Any CPU
		{51EF40C1-206E-4FB0-BB76-B27E9E2F5E97}.Ad-Hoc|iPhone.ActiveCfg = Release|Any CPU
		{51EF40C1-206E-4FB0-BB76-B27E9E2F5E97}.Ad-Hoc|iPhone.Build.0 = Release|Any CPU
		{51EF40C1-206E-4FB0-BB76-B27E9E2F5E97}.Ad-Hoc|iPhoneSimulator.ActiveCfg = Release|Any CPU
		{51EF40C1-206E-4FB0-BB76-B27E9E2F5E97}.Ad-Hoc|iPhoneSimulator.Build.0 = Release|Any CPU
		{51EF40C1-206E-4FB0-BB76-B27E9E2F5E97}.Ad-Hoc|x64.ActiveCfg = Release|Any CPU
		{51EF40C1-206E-4FB0-BB76-B27E9E2F5E97}.Ad-Hoc|x64.Build.0 = Release|Any CPU
		{51EF40C1-206E-4FB0-BB76-B27E9E2F5E97}.Ad-Hoc|x86.ActiveCfg = Release|Any CPU
		{51EF40C1-206E-4FB0-BB76-B27E9E2F5E97}.Ad-Hoc|x86.Build.0 = Release|Any CPU
		{51EF40C1-206E-4FB0-BB76-B27E9E2F5E97}.AppStore|Any CPU.ActiveCfg = Release|Any CPU
		{51EF40C1-206E-4FB0-BB76-B27E9E2F5E97}.AppStore|Any CPU.Build.0 = Release|Any CPU
		{51EF40C1-206E-4FB0-BB76-B27E9E2F5E97}.AppStore|ARM.ActiveCfg = Release|Any CPU
		{51EF40C1-206E-4FB0-BB76-B27E9E2F5E97}.AppStore|ARM.Build.0 = Release|Any CPU
		{51EF40C1-206E-4FB0-BB76-B27E9E2F5E97}.AppStore|iPhone.ActiveCfg = Release|Any CPU
		{51EF40C1-206E-4FB0-BB76-B27E9E2F5E97}.AppStore|iPhone.Build.0 = Release|Any CPU
		{51EF40C1-206E-4FB0-BB76-B27E9E2F5E97}.AppStore|iPhoneSimulator.ActiveCfg = Release|Any CPU
		{51EF40C1-206E-4FB0-BB76-B27E9E2F5E97}.AppStore|iPhoneSimulator.Build.0 = Release|Any CPU
		{51EF40C1-206E-4FB0-BB76-B27E9E2F5E97}.AppStore|x64.ActiveCfg = Release|Any CPU
		{51EF40C1-206E-4FB0-BB76-B27E9E2F5E97}.AppStore|x64.Build.0 = Release|Any CPU
		{51EF40C1-206E-4FB0-BB76-B27E9E2F5E97}.AppStore|x86.ActiveCfg = Release|Any CPU
		{51EF40C1-206E-4FB0-BB76-B27E9E2F5E97}.AppStore|x86.Build.0 = Release|Any CPU
		{51EF40C1-206E-4FB0-BB76-B27E9E2F5E97}.Debug|Any CPU.ActiveCfg = Debug|Any CPU
		{51EF40C1-206E-4FB0-BB76-B27E9E2F5E97}.Debug|Any CPU.Build.0 = Debug|Any CPU
		{51EF40C1-206E-4FB0-BB76-B27E9E2F5E97}.Debug|ARM.ActiveCfg = Debug|Any CPU
		{51EF40C1-206E-4FB0-BB76-B27E9E2F5E97}.Debug|ARM.Build.0 = Debug|Any CPU
		{51EF40C1-206E-4FB0-BB76-B27E9E2F5E97}.Debug|iPhone.ActiveCfg = Debug|Any CPU
		{51EF40C1-206E-4FB0-BB76-B27E9E2F5E97}.Debug|iPhone.Build.0 = Debug|Any CPU
		{51EF40C1-206E-4FB0-BB76-B27E9E2F5E97}.Debug|iPhoneSimulator.ActiveCfg = Debug|Any CPU
		{51EF40C1-206E-4FB0-BB76-B27E9E2F5E97}.Debug|iPhoneSimulator.Build.0 = Debug|Any CPU
		{51EF40C1-206E-4FB0-BB76-B27E9E2F5E97}.Debug|x64.ActiveCfg = Debug|Any CPU
		{51EF40C1-206E-4FB0-BB76-B27E9E2F5E97}.Debug|x64.Build.0 = Debug|Any CPU
		{51EF40C1-206E-4FB0-BB76-B27E9E2F5E97}.Debug|x86.ActiveCfg = Debug|Any CPU
		{51EF40C1-206E-4FB0-BB76-B27E9E2F5E97}.Debug|x86.Build.0 = Debug|Any CPU
		{51EF40C1-206E-4FB0-BB76-B27E9E2F5E97}.Release|Any CPU.ActiveCfg = Release|Any CPU
		{51EF40C1-206E-4FB0-BB76-B27E9E2F5E97}.Release|Any CPU.Build.0 = Release|Any CPU
		{51EF40C1-206E-4FB0-BB76-B27E9E2F5E97}.Release|ARM.ActiveCfg = Release|Any CPU
		{51EF40C1-206E-4FB0-BB76-B27E9E2F5E97}.Release|ARM.Build.0 = Release|Any CPU
		{51EF40C1-206E-4FB0-BB76-B27E9E2F5E97}.Release|iPhone.ActiveCfg = Release|Any CPU
		{51EF40C1-206E-4FB0-BB76-B27E9E2F5E97}.Release|iPhone.Build.0 = Release|Any CPU
		{51EF40C1-206E-4FB0-BB76-B27E9E2F5E97}.Release|iPhoneSimulator.ActiveCfg = Release|Any CPU
		{51EF40C1-206E-4FB0-BB76-B27E9E2F5E97}.Release|iPhoneSimulator.Build.0 = Release|Any CPU
		{51EF40C1-206E-4FB0-BB76-B27E9E2F5E97}.Release|x64.ActiveCfg = Release|Any CPU
		{51EF40C1-206E-4FB0-BB76-B27E9E2F5E97}.Release|x64.Build.0 = Release|Any CPU
		{51EF40C1-206E-4FB0-BB76-B27E9E2F5E97}.Release|x86.ActiveCfg = Release|Any CPU
		{51EF40C1-206E-4FB0-BB76-B27E9E2F5E97}.Release|x86.Build.0 = Release|Any CPU
	EndGlobalSection
	GlobalSection(SolutionProperties) = preSolution
		HideSolutionNode = FALSE
	EndGlobalSection
EndGlobal
